
Microsoft Visual Studio Solution File, Format Version 12.00
# Visual Studio Version 17
VisualStudioVersion = 17.4.33213.308
MinimumVisualStudioVersion = 10.0.40219.1
Project("{9A19103F-16F7-4668-BE54-9A1E7A4F7556}") = "DSS_Project.Web", "DSS_Project.Web\DSS_Project.Web.csproj", "{CDA8505D-595E-4B68-B7A4-300C026C53F9}"
EndProject
Project("{9A19103F-16F7-4668-BE54-9A1E7A4F7556}") = "DSS_Project.Data", "DSS_Project.Data\DSS_Project.Data.csproj", "{2DD900DB-5D75-4202-AF50-FFC8465E227D}"
EndProject
Global
	GlobalSection(SolutionConfigurationPlatforms) = preSolution
		Debug|Any CPU = Debug|Any CPU
		Release|Any CPU = Release|Any CPU
	EndGlobalSection
	GlobalSection(ProjectConfigurationPlatforms) = postSolution
		{CDA8505D-595E-4B68-B7A4-300C026C53F9}.Debug|Any CPU.ActiveCfg = Debug|Any CPU
		{CDA8505D-595E-4B68-B7A4-300C026C53F9}.Debug|Any CPU.Build.0 = Debug|Any CPU
		{CDA8505D-595E-4B68-B7A4-300C026C53F9}.Release|Any CPU.ActiveCfg = Release|Any CPU
		{CDA8505D-595E-4B68-B7A4-300C026C53F9}.Release|Any CPU.Build.0 = Release|Any CPU
		{2DD900DB-5D75-4202-AF50-FFC8465E227D}.Debug|Any CPU.ActiveCfg = Debug|Any CPU
		{2DD900DB-5D75-4202-AF50-FFC8465E227D}.Debug|Any CPU.Build.0 = Debug|Any CPU
		{2DD900DB-5D75-4202-AF50-FFC8465E227D}.Release|Any CPU.ActiveCfg = Release|Any CPU
		{2DD900DB-5D75-4202-AF50-FFC8465E227D}.Release|Any CPU.Build.0 = Release|Any CPU
	EndGlobalSection
	GlobalSection(SolutionProperties) = preSolution
		HideSolutionNode = FALSE
	EndGlobalSection
	GlobalSection(ExtensibilityGlobals) = postSolution
		SolutionGuid = {34C0E370-E3D8-49F2-BB05-7A05FE83355B}
	EndGlobalSection
EndGlobal
